// !$*UTF8*$!
{
	archiveVersion = 1;
	classes = {
	};
	objectVersion = 50;
	objects = {

/* Begin PBXBuildFile section */
		8136E3C4227750A30008AC4A /* AppDelegate.swift in Sources */ = {isa = PBXBuildFile; fileRef = 8136E3C3227750A30008AC4A /* AppDelegate.swift */; };
		8136E3C6227750A30008AC4A /* SummaryViewController.swift in Sources */ = {isa = PBXBuildFile; fileRef = 8136E3C5227750A30008AC4A /* SummaryViewController.swift */; };
		8136E3C9227750A30008AC4A /* Main.storyboard in Resources */ = {isa = PBXBuildFile; fileRef = 8136E3C7227750A30008AC4A /* Main.storyboard */; };
		8136E3CB227750A50008AC4A /* Assets.xcassets in Resources */ = {isa = PBXBuildFile; fileRef = 8136E3CA227750A50008AC4A /* Assets.xcassets */; };
		8136E3CE227750A50008AC4A /* LaunchScreen.storyboard in Resources */ = {isa = PBXBuildFile; fileRef = 8136E3CC227750A50008AC4A /* LaunchScreen.storyboard */; };
		8136E3D62277514A0008AC4A /* RunsAndLiftsViewController.swift in Sources */ = {isa = PBXBuildFile; fileRef = 8136E3D52277514A0008AC4A /* RunsAndLiftsViewController.swift */; };
		8136E3D8227751670008AC4A /* ActivityListViewController.swift in Sources */ = {isa = PBXBuildFile; fileRef = 8136E3D7227751670008AC4A /* ActivityListViewController.swift */; };
		819C0686227786C700856D0F /* ActivityDetailsSplitViewController.swift in Sources */ = {isa = PBXBuildFile; fileRef = 819C0685227786C700856D0F /* ActivityDetailsSplitViewController.swift */; };
		819C06882277883400856D0F /* ActivitiesSplitViewController.swift in Sources */ = {isa = PBXBuildFile; fileRef = 819C06872277883400856D0F /* ActivitiesSplitViewController.swift */; };
		D8336D942289BBF000FD9FEB /* ModalViewController.swift in Sources */ = {isa = PBXBuildFile; fileRef = D8336D932289BBF000FD9FEB /* ModalViewController.swift */; };
/* End PBXBuildFile section */

/* Begin PBXFileReference section */
		8136E3C0227750A30008AC4A /* SplitTester.app */ = {isa = PBXFileReference; explicitFileType = wrapper.application; includeInIndex = 0; path = SplitTester.app; sourceTree = BUILT_PRODUCTS_DIR; };
		8136E3C3227750A30008AC4A /* AppDelegate.swift */ = {isa = PBXFileReference; lastKnownFileType = sourcecode.swift; path = AppDelegate.swift; sourceTree = "<group>"; };
		8136E3C5227750A30008AC4A /* SummaryViewController.swift */ = {isa = PBXFileReference; lastKnownFileType = sourcecode.swift; path = SummaryViewController.swift; sourceTree = "<group>"; };
		8136E3C8227750A30008AC4A /* Base */ = {isa = PBXFileReference; lastKnownFileType = file.storyboard; name = Base; path = Base.lproj/Main.storyboard; sourceTree = "<group>"; };
		8136E3CA227750A50008AC4A /* Assets.xcassets */ = {isa = PBXFileReference; lastKnownFileType = folder.assetcatalog; path = Assets.xcassets; sourceTree = "<group>"; };
		8136E3CD227750A50008AC4A /* Base */ = {isa = PBXFileReference; lastKnownFileType = file.storyboard; name = Base; path = Base.lproj/LaunchScreen.storyboard; sourceTree = "<group>"; };
		8136E3CF227750A50008AC4A /* Info.plist */ = {isa = PBXFileReference; lastKnownFileType = text.plist.xml; path = Info.plist; sourceTree = "<group>"; };
		8136E3D52277514A0008AC4A /* RunsAndLiftsViewController.swift */ = {isa = PBXFileReference; lastKnownFileType = sourcecode.swift; path = RunsAndLiftsViewController.swift; sourceTree = "<group>"; };
		8136E3D7227751670008AC4A /* ActivityListViewController.swift */ = {isa = PBXFileReference; lastKnownFileType = sourcecode.swift; path = ActivityListViewController.swift; sourceTree = "<group>"; };
		819C0685227786C700856D0F /* ActivityDetailsSplitViewController.swift */ = {isa = PBXFileReference; lastKnownFileType = sourcecode.swift; path = ActivityDetailsSplitViewController.swift; sourceTree = "<group>"; };
		819C06872277883400856D0F /* ActivitiesSplitViewController.swift */ = {isa = PBXFileReference; lastKnownFileType = sourcecode.swift; path = ActivitiesSplitViewController.swift; sourceTree = "<group>"; };
		D8336D932289BBF000FD9FEB /* ModalViewController.swift */ = {isa = PBXFileReference; lastKnownFileType = sourcecode.swift; path = ModalViewController.swift; sourceTree = "<group>"; };
/* End PBXFileReference section */

/* Begin PBXFrameworksBuildPhase section */
		8136E3BD227750A30008AC4A /* Frameworks */ = {
			isa = PBXFrameworksBuildPhase;
			buildActionMask = 2147483647;
			files = (
			);
			runOnlyForDeploymentPostprocessing = 0;
		};
/* End PBXFrameworksBuildPhase section */

/* Begin PBXGroup section */
		8136E3B7227750A30008AC4A = {
			isa = PBXGroup;
			children = (
				8136E3C2227750A30008AC4A /* SplitTester */,
				8136E3C1227750A30008AC4A /* Products */,
			);
			sourceTree = "<group>";
		};
		8136E3C1227750A30008AC4A /* Products */ = {
			isa = PBXGroup;
			children = (
				8136E3C0227750A30008AC4A /* SplitTester.app */,
			);
			name = Products;
			sourceTree = "<group>";
		};
		8136E3C2227750A30008AC4A /* SplitTester */ = {
			isa = PBXGroup;
			children = (
				8136E3C3227750A30008AC4A /* AppDelegate.swift */,
				819C06872277883400856D0F /* ActivitiesSplitViewController.swift */,
				8136E3D7227751670008AC4A /* ActivityListViewController.swift */,
				819C0685227786C700856D0F /* ActivityDetailsSplitViewController.swift */,
				8136E3C5227750A30008AC4A /* SummaryViewController.swift */,
				8136E3D52277514A0008AC4A /* RunsAndLiftsViewController.swift */,
				D8336D932289BBF000FD9FEB /* ModalViewController.swift */,
				8136E3C7227750A30008AC4A /* Main.storyboard */,
				8136E3CA227750A50008AC4A /* Assets.xcassets */,
				8136E3CC227750A50008AC4A /* LaunchScreen.storyboard */,
				8136E3CF227750A50008AC4A /* Info.plist */,
			);
			path = SplitTester;
			sourceTree = "<group>";
		};
/* End PBXGroup section */

/* Begin PBXNativeTarget section */
		8136E3BF227750A30008AC4A /* SplitTester */ = {
			isa = PBXNativeTarget;
			buildConfigurationList = 8136E3D2227750A50008AC4A /* Build configuration list for PBXNativeTarget "SplitTester" */;
			buildPhases = (
				8136E3BC227750A30008AC4A /* Sources */,
				8136E3BD227750A30008AC4A /* Frameworks */,
				8136E3BE227750A30008AC4A /* Resources */,
			);
			buildRules = (
			);
			dependencies = (
			);
			name = SplitTester;
			productName = SplitTester;
			productReference = 8136E3C0227750A30008AC4A /* SplitTester.app */;
			productType = "com.apple.product-type.application";
		};
/* End PBXNativeTarget section */

/* Begin PBXProject section */
		8136E3B8227750A30008AC4A /* Project object */ = {
			isa = PBXProject;
			attributes = {
				LastSwiftUpdateCheck = 1020;
				LastUpgradeCheck = 1020;
				ORGANIZATIONNAME = "Curtis Herbert";
				TargetAttributes = {
					8136E3BF227750A30008AC4A = {
						CreatedOnToolsVersion = 10.2.1;
					};
				};
			};
			buildConfigurationList = 8136E3BB227750A30008AC4A /* Build configuration list for PBXProject "SplitTester" */;
			compatibilityVersion = "Xcode 9.3";
			developmentRegion = en;
			hasScannedForEncodings = 0;
			knownRegions = (
				en,
				Base,
			);
			mainGroup = 8136E3B7227750A30008AC4A;
			productRefGroup = 8136E3C1227750A30008AC4A /* Products */;
			projectDirPath = "";
			projectRoot = "";
			targets = (
				8136E3BF227750A30008AC4A /* SplitTester */,
			);
		};
/* End PBXProject section */

/* Begin PBXResourcesBuildPhase section */
		8136E3BE227750A30008AC4A /* Resources */ = {
			isa = PBXResourcesBuildPhase;
			buildActionMask = 2147483647;
			files = (
				8136E3CE227750A50008AC4A /* LaunchScreen.storyboard in Resources */,
				8136E3CB227750A50008AC4A /* Assets.xcassets in Resources */,
				8136E3C9227750A30008AC4A /* Main.storyboard in Resources */,
			);
			runOnlyForDeploymentPostprocessing = 0;
		};
/* End PBXResourcesBuildPhase section */

/* Begin PBXSourcesBuildPhase section */
		8136E3BC227750A30008AC4A /* Sources */ = {
			isa = PBXSourcesBuildPhase;
			buildActionMask = 2147483647;
			files = (
				8136E3D62277514A0008AC4A /* RunsAndLiftsViewController.swift in Sources */,
				819C0686227786C700856D0F /* ActivityDetailsSplitViewController.swift in Sources */,
				819C06882277883400856D0F /* ActivitiesSplitViewController.swift in Sources */,
				8136E3C6227750A30008AC4A /* SummaryViewController.swift in Sources */,
				8136E3D8227751670008AC4A /* ActivityListViewController.swift in Sources */,
				8136E3C4227750A30008AC4A /* AppDelegate.swift in Sources */,
				D8336D942289BBF000FD9FEB /* ModalViewController.swift in Sources */,
			);
			runOnlyForDeploymentPostprocessing = 0;
		};
/* End PBXSourcesBuildPhase section */

/* Begin PBXVariantGroup section */
		8136E3C7227750A30008AC4A /* Main.storyboard */ = {
			isa = PBXVariantGroup;
			children = (
				8136E3C8227750A30008AC4A /* Base */,
			);
			name = Main.storyboard;
			sourceTree = "<group>";
		};
		8136E3CC227750A50008AC4A /* LaunchScreen.storyboard */ = {
			isa = PBXVariantGroup;
			children = (
				8136E3CD227750A50008AC4A /* Base */,
			);
			name = LaunchScreen.storyboard;
			sourceTree = "<group>";
		};
/* End PBXVariantGroup section */

/* Begin XCBuildConfiguration section */
		8136E3D0227750A50008AC4A /* Debug */ = {
			isa = XCBuildConfiguration;
			buildSettings = {
				ALWAYS_SEARCH_USER_PATHS = NO;
				CLANG_ANALYZER_NONNULL = YES;
				CLANG_ANALYZER_NUMBER_OBJECT_CONVERSION = YES_AGGRESSIVE;
				CLANG_CXX_LANGUAGE_STANDARD = "gnu++14";
				CLANG_CXX_LIBRARY = "libc++";
				CLANG_ENABLE_MODULES = YES;
				CLANG_ENABLE_OBJC_ARC = YES;
				CLANG_ENABLE_OBJC_WEAK = YES;
				CLANG_WARN_BLOCK_CAPTURE_AUTORELEASING = YES;
				CLANG_WARN_BOOL_CONVERSION = YES;
				CLANG_WARN_COMMA = YES;
				CLANG_WARN_CONSTANT_CONVERSION = YES;
				CLANG_WARN_DEPRECATED_OBJC_IMPLEMENTATIONS = YES;
				CLANG_WARN_DIRECT_OBJC_ISA_USAGE = YES_ERROR;
				CLANG_WARN_DOCUMENTATION_COMMENTS = YES;
				CLANG_WARN_EMPTY_BODY = YES;
				CLANG_WARN_ENUM_CONVERSION = YES;
				CLANG_WARN_INFINITE_RECURSION = YES;
				CLANG_WARN_INT_CONVERSION = YES;
				CLANG_WARN_NON_LITERAL_NULL_CONVERSION = YES;
				CLANG_WARN_OBJC_IMPLICIT_RETAIN_SELF = YES;
				CLANG_WARN_OBJC_LITERAL_CONVERSION = YES;
				CLANG_WARN_OBJC_ROOT_CLASS = YES_ERROR;
				CLANG_WARN_RANGE_LOOP_ANALYSIS = YES;
				CLANG_WARN_STRICT_PROTOTYPES = YES;
				CLANG_WARN_SUSPICIOUS_MOVE = YES;
				CLANG_WARN_UNGUARDED_AVAILABILITY = YES_AGGRESSIVE;
				CLANG_WARN_UNREACHABLE_CODE = YES;
				CLANG_WARN__DUPLICATE_METHOD_MATCH = YES;
				CODE_SIGN_IDENTITY = "iPhone Developer";
				COPY_PHASE_STRIP = NO;
				DEBUG_INFORMATION_FORMAT = dwarf;
				ENABLE_STRICT_OBJC_MSGSEND = YES;
				ENABLE_TESTABILITY = YES;
				GCC_C_LANGUAGE_STANDARD = gnu11;
				GCC_DYNAMIC_NO_PIC = NO;
				GCC_NO_COMMON_BLOCKS = YES;
				GCC_OPTIMIZATION_LEVEL = 0;
				GCC_PREPROCESSOR_DEFINITIONS = (
					"DEBUG=1",
					"$(inherited)",
				);
				GCC_WARN_64_TO_32_BIT_CONVERSION = YES;
				GCC_WARN_ABOUT_RETURN_TYPE = YES_ERROR;
				GCC_WARN_UNDECLARED_SELECTOR = YES;
				GCC_WARN_UNINITIALIZED_AUTOS = YES_AGGRESSIVE;
				GCC_WARN_UNUSED_FUNCTION = YES;
				GCC_WARN_UNUSED_VARIABLE = YES;
				IPHONEOS_DEPLOYMENT_TARGET = 12.2;
				MTL_ENABLE_DEBUG_INFO = INCLUDE_SOURCE;
				MTL_FAST_MATH = YES;
				ONLY_ACTIVE_ARCH = YES;
				SDKROOT = iphoneos;
				SWIFT_ACTIVE_COMPILATION_CONDITIONS = DEBUG;
				SWIFT_OPTIMIZATION_LEVEL = "-Onone";
			};
			name = Debug;
		};
		8136E3D1227750A50008AC4A /* Release */ = {
			isa = XCBuildConfiguration;
			buildSettings = {
				ALWAYS_SEARCH_USER_PATHS = NO;
				CLANG_ANALYZER_NONNULL = YES;
				CLANG_ANALYZER_NUMBER_OBJECT_CONVERSION = YES_AGGRESSIVE;
				CLANG_CXX_LANGUAGE_STANDARD = "gnu++14";
				CLANG_CXX_LIBRARY = "libc++";
				CLANG_ENABLE_MODULES = YES;
				CLANG_ENABLE_OBJC_ARC = YES;
				CLANG_ENABLE_OBJC_WEAK = YES;
				CLANG_WARN_BLOCK_CAPTURE_AUTORELEASING = YES;
				CLANG_WARN_BOOL_CONVERSION = YES;
				CLANG_WARN_COMMA = YES;
				CLANG_WARN_CONSTANT_CONVERSION = YES;
				CLANG_WARN_DEPRECATED_OBJC_IMPLEMENTATIONS = YES;
				CLANG_WARN_DIRECT_OBJC_ISA_USAGE = YES_ERROR;
				CLANG_WARN_DOCUMENTATION_COMMENTS = YES;
				CLANG_WARN_EMPTY_BODY = YES;
				CLANG_WARN_ENUM_CONVERSION = YES;
				CLANG_WARN_INFINITE_RECURSION = YES;
				CLANG_WARN_INT_CONVERSION = YES;
				CLANG_WARN_NON_LITERAL_NULL_CONVERSION = YES;
				CLANG_WARN_OBJC_IMPLICIT_RETAIN_SELF = YES;
				CLANG_WARN_OBJC_LITERAL_CONVERSION = YES;
				CLANG_WARN_OBJC_ROOT_CLASS = YES_ERROR;
				CLANG_WARN_RANGE_LOOP_ANALYSIS = YES;
				CLANG_WARN_STRICT_PROTOTYPES = YES;
				CLANG_WARN_SUSPICIOUS_MOVE = YES;
				CLANG_WARN_UNGUARDED_AVAILABILITY = YES_AGGRESSIVE;
				CLANG_WARN_UNREACHABLE_CODE = YES;
				CLANG_WARN__DUPLICATE_METHOD_MATCH = YES;
				CODE_SIGN_IDENTITY = "iPhone Developer";
				COPY_PHASE_STRIP = NO;
				DEBUG_INFORMATION_FORMAT = "dwarf-with-dsym";
				ENABLE_NS_ASSERTIONS = NO;
				ENABLE_STRICT_OBJC_MSGSEND = YES;
				GCC_C_LANGUAGE_STANDARD = gnu11;
				GCC_NO_COMMON_BLOCKS = YES;
				GCC_WARN_64_TO_32_BIT_CONVERSION = YES;
				GCC_WARN_ABOUT_RETURN_TYPE = YES_ERROR;
				GCC_WARN_UNDECLARED_SELECTOR = YES;
				GCC_WARN_UNINITIALIZED_AUTOS = YES_AGGRESSIVE;
				GCC_WARN_UNUSED_FUNCTION = YES;
				GCC_WARN_UNUSED_VARIABLE = YES;
				IPHONEOS_DEPLOYMENT_TARGET = 12.2;
				MTL_ENABLE_DEBUG_INFO = NO;
				MTL_FAST_MATH = YES;
				SDKROOT = iphoneos;
				SWIFT_COMPILATION_MODE = wholemodule;
				SWIFT_OPTIMIZATION_LEVEL = "-O";
				VALIDATE_PRODUCT = YES;
			};
			name = Release;
		};
		8136E3D3227750A50008AC4A /* Debug */ = {
			isa = XCBuildConfiguration;
			buildSettings = {
				ASSETCATALOG_COMPILER_APPICON_NAME = AppIcon;
				CODE_SIGN_STYLE = Automatic;
				DEVELOPMENT_TEAM = 8655TYNVD7;
				INFOPLIST_FILE = SplitTester/Info.plist;
				LD_RUNPATH_SEARCH_PATHS = (
					"$(inherited)",
					"@executable_path/Frameworks",
				);
				PRODUCT_BUNDLE_IDENTIFIER = com.consumedbycode.SplitTester;
				PRODUCT_NAME = "$(TARGET_NAME)";
				SWIFT_VERSION = 5.0;
				TARGETED_DEVICE_FAMILY = "1,2";
			};
			name = Debug;
		};
		8136E3D4227750A50008AC4A /* Release */ = {
			isa = XCBuildConfiguration;
			buildSettings = {
				ASSETCATALOG_COMPILER_APPICON_NAME = AppIcon;
				CODE_SIGN_STYLE = Automatic;
				DEVELOPMENT_TEAM = 8655TYNVD7;
				INFOPLIST_FILE = SplitTester/Info.plist;
				LD_RUNPATH_SEARCH_PATHS = (
					"$(inherited)",
					"@executable_path/Frameworks",
				);
				PRODUCT_BUNDLE_IDENTIFIER = com.consumedbycode.SplitTester;
				PRODUCT_NAME = "$(TARGET_NAME)";
				SWIFT_VERSION = 5.0;
				TARGETED_DEVICE_FAMILY = "1,2";
			};
			name = Release;
		};
/* End XCBuildConfiguration section */

/* Begin XCConfigurationList section */
		8136E3BB227750A30008AC4A /* Build configuration list for PBXProject "SplitTester" */ = {
			isa = XCConfigurationList;
			buildConfigurations = (
				8136E3D0227750A50008AC4A /* Debug */,
				8136E3D1227750A50008AC4A /* Release */,
			);
			defaultConfigurationIsVisible = 0;
			defaultConfigurationName = Release;
		};
		8136E3D2227750A50008AC4A /* Build configuration list for PBXNativeTarget "SplitTester" */ = {
			isa = XCConfigurationList;
			buildConfigurations = (
				8136E3D3227750A50008AC4A /* Debug */,
				8136E3D4227750A50008AC4A /* Release */,
			);
			defaultConfigurationIsVisible = 0;
			defaultConfigurationName = Release;
		};
/* End XCConfigurationList section */
	};
	rootObject = 8136E3B8227750A30008AC4A /* Project object */;
}
